
Microsoft Visual Studio Solution File, Format Version 12.00
# Visual Studio 15
VisualStudioVersion = 15.0.26124.0
MinimumVisualStudioVersion = 15.0.26124.0
Project("{FAE04EC0-301F-11D3-BF4B-00C04F79EFBC}") = "ProAgil.Api", "ProAgil.Api\ProAgil.Api.csproj", "{FD361945-72F5-46EA-A381-349B86624802}"
EndProject
Project("{FAE04EC0-301F-11D3-BF4B-00C04F79EFBC}") = "ProAgil.Repository", "ProAgil.Repository\ProAgil.Repository.csproj", "{2764C089-1980-4D25-8163-47F19CC1BCB7}"
EndProject
Project("{FAE04EC0-301F-11D3-BF4B-00C04F79EFBC}") = "ProAgil.Domain", "ProAgil.Domain\ProAgil.Domain.csproj", "{6A2EB6EE-85AB-4944-A53D-15FA93966B14}"
EndProject
Global
	GlobalSection(SolutionConfigurationPlatforms) = preSolution
		Debug|Any CPU = Debug|Any CPU
		Debug|x64 = Debug|x64
		Debug|x86 = Debug|x86
		Release|Any CPU = Release|Any CPU
		Release|x64 = Release|x64
		Release|x86 = Release|x86
	EndGlobalSection
	GlobalSection(SolutionProperties) = preSolution
		HideSolutionNode = FALSE
	EndGlobalSection
	GlobalSection(ProjectConfigurationPlatforms) = postSolution
		{FD361945-72F5-46EA-A381-349B86624802}.Debug|Any CPU.ActiveCfg = Debug|Any CPU
		{FD361945-72F5-46EA-A381-349B86624802}.Debug|Any CPU.Build.0 = Debug|Any CPU
		{FD361945-72F5-46EA-A381-349B86624802}.Debug|x64.ActiveCfg = Debug|Any CPU
		{FD361945-72F5-46EA-A381-349B86624802}.Debug|x64.Build.0 = Debug|Any CPU
		{FD361945-72F5-46EA-A381-349B86624802}.Debug|x86.ActiveCfg = Debug|Any CPU
		{FD361945-72F5-46EA-A381-349B86624802}.Debug|x86.Build.0 = Debug|Any CPU
		{FD361945-72F5-46EA-A381-349B86624802}.Release|Any CPU.ActiveCfg = Release|Any CPU
		{FD361945-72F5-46EA-A381-349B86624802}.Release|Any CPU.Build.0 = Release|Any CPU
		{FD361945-72F5-46EA-A381-349B86624802}.Release|x64.ActiveCfg = Release|Any CPU
		{FD361945-72F5-46EA-A381-349B86624802}.Release|x64.Build.0 = Release|Any CPU
		{FD361945-72F5-46EA-A381-349B86624802}.Release|x86.ActiveCfg = Release|Any CPU
		{FD361945-72F5-46EA-A381-349B86624802}.Release|x86.Build.0 = Release|Any CPU
		{2764C089-1980-4D25-8163-47F19CC1BCB7}.Debug|Any CPU.ActiveCfg = Debug|Any CPU
		{2764C089-1980-4D25-8163-47F19CC1BCB7}.Debug|Any CPU.Build.0 = Debug|Any CPU
		{2764C089-1980-4D25-8163-47F19CC1BCB7}.Debug|x64.ActiveCfg = Debug|Any CPU
		{2764C089-1980-4D25-8163-47F19CC1BCB7}.Debug|x64.Build.0 = Debug|Any CPU
		{2764C089-1980-4D25-8163-47F19CC1BCB7}.Debug|x86.ActiveCfg = Debug|Any CPU
		{2764C089-1980-4D25-8163-47F19CC1BCB7}.Debug|x86.Build.0 = Debug|Any CPU
		{2764C089-1980-4D25-8163-47F19CC1BCB7}.Release|Any CPU.ActiveCfg = Release|Any CPU
		{2764C089-1980-4D25-8163-47F19CC1BCB7}.Release|Any CPU.Build.0 = Release|Any CPU
		{2764C089-1980-4D25-8163-47F19CC1BCB7}.Release|x64.ActiveCfg = Release|Any CPU
		{2764C089-1980-4D25-8163-47F19CC1BCB7}.Release|x64.Build.0 = Release|Any CPU
		{2764C089-1980-4D25-8163-47F19CC1BCB7}.Release|x86.ActiveCfg = Release|Any CPU
		{2764C089-1980-4D25-8163-47F19CC1BCB7}.Release|x86.Build.0 = Release|Any CPU
		{6A2EB6EE-85AB-4944-A53D-15FA93966B14}.Debug|Any CPU.ActiveCfg = Debug|Any CPU
		{6A2EB6EE-85AB-4944-A53D-15FA93966B14}.Debug|Any CPU.Build.0 = Debug|Any CPU
		{6A2EB6EE-85AB-4944-A53D-15FA93966B14}.Debug|x64.ActiveCfg = Debug|Any CPU
		{6A2EB6EE-85AB-4944-A53D-15FA93966B14}.Debug|x64.Build.0 = Debug|Any CPU
		{6A2EB6EE-85AB-4944-A53D-15FA93966B14}.Debug|x86.ActiveCfg = Debug|Any CPU
		{6A2EB6EE-85AB-4944-A53D-15FA93966B14}.Debug|x86.Build.0 = Debug|Any CPU
		{6A2EB6EE-85AB-4944-A53D-15FA93966B14}.Release|Any CPU.ActiveCfg = Release|Any CPU
		{6A2EB6EE-85AB-4944-A53D-15FA93966B14}.Release|Any CPU.Build.0 = Release|Any CPU
		{6A2EB6EE-85AB-4944-A53D-15FA93966B14}.Release|x64.ActiveCfg = Release|Any CPU
		{6A2EB6EE-85AB-4944-A53D-15FA93966B14}.Release|x64.Build.0 = Release|Any CPU
		{6A2EB6EE-85AB-4944-A53D-15FA93966B14}.Release|x86.ActiveCfg = Release|Any CPU
		{6A2EB6EE-85AB-4944-A53D-15FA93966B14}.Release|x86.Build.0 = Release|Any CPU
	EndGlobalSection
EndGlobal
